
Microsoft Visual Studio Solution File, Format Version 12.00
# Visual Studio 15
VisualStudioVersion = 15.0.26730.12
MinimumVisualStudioVersion = 10.0.40219.1
Project("{FAE04EC0-301F-11D3-BF4B-00C04F79EFBC}") = "MVCWebCrawler", "MVCWebCrawler\MVCWebCrawler.csproj", "{E56B4569-6105-4079-8A32-7E985FA3A2D8}"
EndProject
Project("{FAE04EC0-301F-11D3-BF4B-00C04F79EFBC}") = "MVCWebCrawler.Tests", "MVCWebCrawler.Tests\MVCWebCrawler.Tests.csproj", "{B498F9F8-3D57-4B95-A154-889490389482}"
EndProject
Project("{FAE04EC0-301F-11D3-BF4B-00C04F79EFBC}") = "BusinessLogicLayer", "BusinessLogicLayer\BusinessLogicLayer.csproj", "{6DF5ADDF-3BB6-43CE-987A-10FA7B8994C6}"
EndProject
Project("{FAE04EC0-301F-11D3-BF4B-00C04F79EFBC}") = "DataAccessLayer", "DataAccessLayer\DataAccessLayer.csproj", "{EC49D082-7ACE-4175-A1EA-C45EE533AFBD}"
EndProject
Project("{FAE04EC0-301F-11D3-BF4B-00C04F79EFBC}") = "DataAccessLayer.Tests", "DataAccessLayer.Tests\DataAccessLayer.Tests.csproj", "{C972F729-EC82-4230-A605-AE038543C5FF}"
EndProject
Global
	GlobalSection(SolutionConfigurationPlatforms) = preSolution
		Debug|Any CPU = Debug|Any CPU
		Release|Any CPU = Release|Any CPU
	EndGlobalSection
	GlobalSection(ProjectConfigurationPlatforms) = postSolution
		{E56B4569-6105-4079-8A32-7E985FA3A2D8}.Debug|Any CPU.ActiveCfg = Debug|Any CPU
		{E56B4569-6105-4079-8A32-7E985FA3A2D8}.Debug|Any CPU.Build.0 = Debug|Any CPU
		{E56B4569-6105-4079-8A32-7E985FA3A2D8}.Release|Any CPU.ActiveCfg = Release|Any CPU
		{E56B4569-6105-4079-8A32-7E985FA3A2D8}.Release|Any CPU.Build.0 = Release|Any CPU
		{B498F9F8-3D57-4B95-A154-889490389482}.Debug|Any CPU.ActiveCfg = Debug|Any CPU
		{B498F9F8-3D57-4B95-A154-889490389482}.Debug|Any CPU.Build.0 = Debug|Any CPU
		{B498F9F8-3D57-4B95-A154-889490389482}.Release|Any CPU.ActiveCfg = Release|Any CPU
		{B498F9F8-3D57-4B95-A154-889490389482}.Release|Any CPU.Build.0 = Release|Any CPU
		{6DF5ADDF-3BB6-43CE-987A-10FA7B8994C6}.Debug|Any CPU.ActiveCfg = Debug|Any CPU
		{6DF5ADDF-3BB6-43CE-987A-10FA7B8994C6}.Debug|Any CPU.Build.0 = Debug|Any CPU
		{6DF5ADDF-3BB6-43CE-987A-10FA7B8994C6}.Release|Any CPU.ActiveCfg = Release|Any CPU
		{6DF5ADDF-3BB6-43CE-987A-10FA7B8994C6}.Release|Any CPU.Build.0 = Release|Any CPU
		{EC49D082-7ACE-4175-A1EA-C45EE533AFBD}.Debug|Any CPU.ActiveCfg = Debug|Any CPU
		{EC49D082-7ACE-4175-A1EA-C45EE533AFBD}.Debug|Any CPU.Build.0 = Debug|Any CPU
		{EC49D082-7ACE-4175-A1EA-C45EE533AFBD}.Release|Any CPU.ActiveCfg = Release|Any CPU
		{EC49D082-7ACE-4175-A1EA-C45EE533AFBD}.Release|Any CPU.Build.0 = Release|Any CPU
		{C972F729-EC82-4230-A605-AE038543C5FF}.Debug|Any CPU.ActiveCfg = Debug|Any CPU
		{C972F729-EC82-4230-A605-AE038543C5FF}.Debug|Any CPU.Build.0 = Debug|Any CPU
		{C972F729-EC82-4230-A605-AE038543C5FF}.Release|Any CPU.ActiveCfg = Release|Any CPU
		{C972F729-EC82-4230-A605-AE038543C5FF}.Release|Any CPU.Build.0 = Release|Any CPU
	EndGlobalSection
	GlobalSection(SolutionProperties) = preSolution
		HideSolutionNode = FALSE
	EndGlobalSection
	GlobalSection(ExtensibilityGlobals) = postSolution
		SolutionGuid = {F7C54E0F-CB8F-45B4-8B58-97CCD2EDC587}
	EndGlobalSection
EndGlobal
